{
  "name": "dev",
  "lockfileVersion": 2,
  "requires": true,
  "packages": {
    "": {
      "dependencies": {
        "lib-pareto-exe": "^0.5.0",
        "lib-pareto-filesystem": "^0.5.0",
        "pareto-core-exe": "^0.13.0",
        "res-pareto-collation": "^0.8.0"
      }
    },
    "node_modules/api-pareto-async": {
      "version": "0.2.0",
      "resolved": "https://registry.npmjs.org/api-pareto-async/-/api-pareto-async-0.2.0.tgz",
      "integrity": "sha512-OL9EVH3DJdGovZS0KsfMS6kYKLwCGERWes9EwRORSKFfpl7qvCzkCgsBH9dIOl/bqUEfV34pSHkiTM7I9VWMoQ==",
      "dependencies": {
        "pareto-core-types": "^0.6.0"
      }
    },
    "node_modules/api-pareto-async/node_modules/pareto-core-types": {
      "version": "0.6.0",
      "resolved": "https://registry.npmjs.org/pareto-core-types/-/pareto-core-types-0.6.0.tgz",
      "integrity": "sha512-q9M6w+M6kgJBaroffQto9oRqsBKDpYI+JbJgO+7wVUx5QPew9kEsdevkNfjPPPWhq0grRg9Nj3t2gQy6wXyL2g=="
    },
    "node_modules/api-pareto-collation": {
      "version": "0.12.0",
      "resolved": "https://registry.npmjs.org/api-pareto-collation/-/api-pareto-collation-0.12.0.tgz",
      "integrity": "sha512-xqMt4GzZFS+irgeAAxnNuOJyow6B3RwC2zDDr3IqpjZ7pVMIhACNgSQTGG7CfJSpLbOh1jYvI0hXzE4g47hD3A==",
      "dependencies": {
        "pareto-core-types": "^0.6.0"
      }
    },
    "node_modules/api-pareto-collation/node_modules/pareto-core-types": {
      "version": "0.6.0",
      "resolved": "https://registry.npmjs.org/pareto-core-types/-/pareto-core-types-0.6.0.tgz",
      "integrity": "sha512-q9M6w+M6kgJBaroffQto9oRqsBKDpYI+JbJgO+7wVUx5QPew9kEsdevkNfjPPPWhq0grRg9Nj3t2gQy6wXyL2g=="
    },
    "node_modules/api-pareto-tostring": {
      "version": "0.4.1",
      "resolved": "https://registry.npmjs.org/api-pareto-tostring/-/api-pareto-tostring-0.4.1.tgz",
      "integrity": "sha512-LAjN90Q0cS6LHfB29FnrMuu62fUqfW9ECq5qshSGYZV6kmJWPJskxiQUfoEbbx1iMifvCyaU7dGUZDZWtZxbAQ==",
      "dependencies": {
        "pareto-core-internals": "^0.8.0",
        "pareto-core-types": "^0.6.0"
      }
    },
    "node_modules/api-pareto-tostring/node_modules/pareto-core-internals": {
      "version": "0.8.0",
      "resolved": "https://registry.npmjs.org/pareto-core-internals/-/pareto-core-internals-0.8.0.tgz",
      "integrity": "sha512-T6uyarcFcODa8bRF/zLoAjMwNSyaY+Xsmv/lI5OipQQ2hnujCUx7XVT8+uveOgZ4kzKctRwbnfKRcVEcRgKSfQ==",
      "dependencies": {
        "pareto-core-types": "^0.6.0"
      }
    },
    "node_modules/api-pareto-tostring/node_modules/pareto-core-types": {
      "version": "0.6.0",
      "resolved": "https://registry.npmjs.org/pareto-core-types/-/pareto-core-types-0.6.0.tgz",
      "integrity": "sha512-q9M6w+M6kgJBaroffQto9oRqsBKDpYI+JbJgO+7wVUx5QPew9kEsdevkNfjPPPWhq0grRg9Nj3t2gQy6wXyL2g=="
    },
    "node_modules/lib-pareto-exe": {
      "version": "0.5.0",
      "resolved": "https://registry.npmjs.org/lib-pareto-exe/-/lib-pareto-exe-0.5.0.tgz",
      "integrity": "sha512-1TlApNzB7nBvjqTtZqhW4WZ/wcRxd+f4o4ZoeE8dpZF4lhJk3CapsuaNjQE/J5Ch6c4AMfWXOElmoXreJS4njw==",
      "dependencies": {
        "pareto-core-lib": "^0.13.0",
        "pareto-core-state": "^0.10.0"
      }
    },
    "node_modules/lib-pareto-exe/node_modules/pareto-core-internals": {
      "version": "0.7.0",
      "resolved": "https://registry.npmjs.org/pareto-core-internals/-/pareto-core-internals-0.7.0.tgz",
      "integrity": "sha512-1Mh7f9yFLSsFZKb3Rs/E9qGucUF2n1FcWPRfcRi47qI+FwhDfka0JbadlJaNnoVGOsY1bPMGxesTwReszBf9pw==",
      "dependencies": {
        "pareto-core-types": "^0.6.0"
      }
    },
    "node_modules/lib-pareto-exe/node_modules/pareto-core-lib": {
      "version": "0.13.0",
      "resolved": "https://registry.npmjs.org/pareto-core-lib/-/pareto-core-lib-0.13.0.tgz",
      "integrity": "sha512-abwCBRCqX9zs/0ENJC0WJOWeRqT0MTe4zfj21xJZidMjcXT0ga/V6XYLF4m8OQgqqQfzPchI5rkyBJgzXQTxrg==",
      "dependencies": {
        "pareto-core-internals": "^0.7.0"
      }
    },
    "node_modules/lib-pareto-exe/node_modules/pareto-core-state": {
      "version": "0.10.0",
      "resolved": "https://registry.npmjs.org/pareto-core-state/-/pareto-core-state-0.10.0.tgz",
      "integrity": "sha512-3mqwo8fanO8pks7dzYbA2E2RSYA3bDBCaHHb/Dh48y5yOAtDTfWcsDi+emJDdMjaAel09o36dQ0v0Yu2D4/9KA==",
      "dependencies": {
        "pareto-core-internals": "^0.7.0"
      }
    },
    "node_modules/lib-pareto-exe/node_modules/pareto-core-types": {
      "version": "0.6.0",
      "resolved": "https://registry.npmjs.org/pareto-core-types/-/pareto-core-types-0.6.0.tgz",
      "integrity": "sha512-q9M6w+M6kgJBaroffQto9oRqsBKDpYI+JbJgO+7wVUx5QPew9kEsdevkNfjPPPWhq0grRg9Nj3t2gQy6wXyL2g=="
    },
    "node_modules/lib-pareto-filesystem": {
      "version": "0.5.0",
      "resolved": "https://registry.npmjs.org/lib-pareto-filesystem/-/lib-pareto-filesystem-0.5.0.tgz",
      "integrity": "sha512-CnjzfN8YQ+ZzThfyAO9AQXuhsfYQvUMscIgmIb/zrcXeCOQiWlda0srJZqMoYfejNpy9eFJvCHR+0Q+Eg4wACw==",
      "dependencies": {
        "pareto-core-lib": "^0.13.0",
        "res-pareto-async": "^0.2.0",
        "res-pareto-filesystem": "^0.26.0",
        "res-pareto-tostring": "^0.4.0"
      }
    },
    "node_modules/lib-pareto-filesystem/node_modules/pareto-core-internals": {
      "version": "0.7.0",
      "resolved": "https://registry.npmjs.org/pareto-core-internals/-/pareto-core-internals-0.7.0.tgz",
      "integrity": "sha512-1Mh7f9yFLSsFZKb3Rs/E9qGucUF2n1FcWPRfcRi47qI+FwhDfka0JbadlJaNnoVGOsY1bPMGxesTwReszBf9pw==",
      "dependencies": {
        "pareto-core-types": "^0.6.0"
      }
    },
    "node_modules/lib-pareto-filesystem/node_modules/pareto-core-lib": {
      "version": "0.13.0",
      "resolved": "https://registry.npmjs.org/pareto-core-lib/-/pareto-core-lib-0.13.0.tgz",
      "integrity": "sha512-abwCBRCqX9zs/0ENJC0WJOWeRqT0MTe4zfj21xJZidMjcXT0ga/V6XYLF4m8OQgqqQfzPchI5rkyBJgzXQTxrg==",
      "dependencies": {
        "pareto-core-internals": "^0.7.0"
      }
    },
    "node_modules/lib-pareto-filesystem/node_modules/pareto-core-types": {
      "version": "0.6.0",
      "resolved": "https://registry.npmjs.org/pareto-core-types/-/pareto-core-types-0.6.0.tgz",
      "integrity": "sha512-q9M6w+M6kgJBaroffQto9oRqsBKDpYI+JbJgO+7wVUx5QPew9kEsdevkNfjPPPWhq0grRg9Nj3t2gQy6wXyL2g=="
    },
    "node_modules/pareto-core-exe": {
      "version": "0.13.0",
      "resolved": "https://registry.npmjs.org/pareto-core-exe/-/pareto-core-exe-0.13.0.tgz",
      "integrity": "sha512-o9hgbsx8FFuqsgJJeOPldtx9usKTbtsURFOllRKN1MuWxieYH/jhyQ+Er/ZBOxC9pdW3k9wrM1NC11uXv83Cvg==",
      "dependencies": {
        "api-pareto-main": "^0.9.0",
        "pareto-core-internals": "^0.7.0",
        "pareto-core-types": "^0.6.0"
      }
    },
    "node_modules/pareto-core-exe/node_modules/api-pareto-main": {
      "version": "0.9.0",
      "resolved": "https://registry.npmjs.org/api-pareto-main/-/api-pareto-main-0.9.0.tgz",
      "integrity": "sha512-DHzPRi4+ZPaimqMxcPXgW1Ic+oQs+bb++Vp+olN1uiZ+0iapNqmq3MI0FOCYqBD0fnhAXW6mGpW5NhiFl0N/gw==",
      "dependencies": {
        "pareto-core-types": "^0.6.0"
      }
    },
    "node_modules/pareto-core-exe/node_modules/pareto-core-internals": {
      "version": "0.7.0",
      "resolved": "https://registry.npmjs.org/pareto-core-internals/-/pareto-core-internals-0.7.0.tgz",
      "integrity": "sha512-1Mh7f9yFLSsFZKb3Rs/E9qGucUF2n1FcWPRfcRi47qI+FwhDfka0JbadlJaNnoVGOsY1bPMGxesTwReszBf9pw==",
      "dependencies": {
        "pareto-core-types": "^0.6.0"
      }
    },
    "node_modules/pareto-core-exe/node_modules/pareto-core-types": {
      "version": "0.6.0",
      "resolved": "https://registry.npmjs.org/pareto-core-types/-/pareto-core-types-0.6.0.tgz",
      "integrity": "sha512-q9M6w+M6kgJBaroffQto9oRqsBKDpYI+JbJgO+7wVUx5QPew9kEsdevkNfjPPPWhq0grRg9Nj3t2gQy6wXyL2g=="
    },
    "node_modules/res-pareto-async": {
      "version": "0.2.0",
      "resolved": "https://registry.npmjs.org/res-pareto-async/-/res-pareto-async-0.2.0.tgz",
      "integrity": "sha512-DxuIHudNxjOBTW05rUNxoopP7zwOxFMvKBy56Poa8BUv5Yp9FiQIszM7LlwkfxwVXX1RXVPQpnZotltFgLhPng==",
      "dependencies": {
        "api-pareto-async": "^0.2.0",
        "pareto-core-internals": "^0.7.0"
      }
    },
    "node_modules/res-pareto-async/node_modules/pareto-core-internals": {
      "version": "0.7.0",
      "resolved": "https://registry.npmjs.org/pareto-core-internals/-/pareto-core-internals-0.7.0.tgz",
      "integrity": "sha512-1Mh7f9yFLSsFZKb3Rs/E9qGucUF2n1FcWPRfcRi47qI+FwhDfka0JbadlJaNnoVGOsY1bPMGxesTwReszBf9pw==",
      "dependencies": {
        "pareto-core-types": "^0.6.0"
      }
    },
    "node_modules/res-pareto-async/node_modules/pareto-core-types": {
      "version": "0.6.0",
      "resolved": "https://registry.npmjs.org/pareto-core-types/-/pareto-core-types-0.6.0.tgz",
      "integrity": "sha512-q9M6w+M6kgJBaroffQto9oRqsBKDpYI+JbJgO+7wVUx5QPew9kEsdevkNfjPPPWhq0grRg9Nj3t2gQy6wXyL2g=="
    },
    "node_modules/res-pareto-collation": {
      "version": "0.8.0",
      "resolved": "https://registry.npmjs.org/res-pareto-collation/-/res-pareto-collation-0.8.0.tgz",
      "integrity": "sha512-fBdQOh/GxSzm4XDTnI7GI0rtJB2hkUj08ADOtpCL8ZUYU9gAWDGYsN8VUOViaPV3yWa/84YOp4S7qR+SF4CiJQ==",
      "dependencies": {
        "api-pareto-collation": "^0.12.0",
        "pareto-core-internals": "^0.8.0"
      }
    },
    "node_modules/res-pareto-collation/node_modules/pareto-core-internals": {
      "version": "0.8.0",
      "resolved": "https://registry.npmjs.org/pareto-core-internals/-/pareto-core-internals-0.8.0.tgz",
      "integrity": "sha512-T6uyarcFcODa8bRF/zLoAjMwNSyaY+Xsmv/lI5OipQQ2hnujCUx7XVT8+uveOgZ4kzKctRwbnfKRcVEcRgKSfQ==",
      "dependencies": {
        "pareto-core-types": "^0.6.0"
      }
    },
    "node_modules/res-pareto-collation/node_modules/pareto-core-types": {
      "version": "0.6.0",
      "resolved": "https://registry.npmjs.org/pareto-core-types/-/pareto-core-types-0.6.0.tgz",
      "integrity": "sha512-q9M6w+M6kgJBaroffQto9oRqsBKDpYI+JbJgO+7wVUx5QPew9kEsdevkNfjPPPWhq0grRg9Nj3t2gQy6wXyL2g=="
    },
    "node_modules/res-pareto-filesystem": {
      "version": "0.26.0",
      "resolved": "https://registry.npmjs.org/res-pareto-filesystem/-/res-pareto-filesystem-0.26.0.tgz",
      "integrity": "sha512-v6nutVQtRfSR+X3PC02DpVZ5JzyvBMu3nZsoQHNoz7i/lMscMo5OM87W45q0bL6tcZ7hOPcy9QYcABXezxmCVA==",
      "dependencies": {
        "api-pareto-filesystem": "^0.11.0",
        "pareto-core-internals": "^0.8.0"
      }
    },
    "node_modules/res-pareto-filesystem/node_modules/api-pareto-filesystem": {
      "version": "0.11.0",
      "resolved": "https://registry.npmjs.org/api-pareto-filesystem/-/api-pareto-filesystem-0.11.0.tgz",
      "integrity": "sha512-waYezacd+SoLIFhATFrMVsM15OtI3S9tJPLDcM8/m584vwddGtEkInS4xveSPFkvlJF5zhrBeBCM9jfZy1TVEw==",
      "dependencies": {
        "pareto-core-types": "^0.6.0"
      }
    },
    "node_modules/res-pareto-filesystem/node_modules/pareto-core-internals": {
      "version": "0.8.0",
      "resolved": "https://registry.npmjs.org/pareto-core-internals/-/pareto-core-internals-0.8.0.tgz",
      "integrity": "sha512-T6uyarcFcODa8bRF/zLoAjMwNSyaY+Xsmv/lI5OipQQ2hnujCUx7XVT8+uveOgZ4kzKctRwbnfKRcVEcRgKSfQ==",
      "dependencies": {
        "pareto-core-types": "^0.6.0"
      }
    },
    "node_modules/res-pareto-filesystem/node_modules/pareto-core-types": {
      "version": "0.6.0",
      "resolved": "https://registry.npmjs.org/pareto-core-types/-/pareto-core-types-0.6.0.tgz",
      "integrity": "sha512-q9M6w+M6kgJBaroffQto9oRqsBKDpYI+JbJgO+7wVUx5QPew9kEsdevkNfjPPPWhq0grRg9Nj3t2gQy6wXyL2g=="
    },
    "node_modules/res-pareto-tostring": {
      "version": "0.4.0",
      "resolved": "https://registry.npmjs.org/res-pareto-tostring/-/res-pareto-tostring-0.4.0.tgz",
      "integrity": "sha512-soxL7aTOIGxskt7yEGYd7hbZZrKLoWiGgaBIJKCpmFjxvEF31n+zUrnIprmTxOa5u44vtoXUOpXgeiu/xoC0VA==",
      "dependencies": {
        "api-pareto-tostring": "^0.4.1",
        "pareto-core-internals": "^0.8.0",
        "pareto-core-types": "^0.6.0"
      }
    },
    "node_modules/res-pareto-tostring/node_modules/pareto-core-internals": {
      "version": "0.8.0",
      "resolved": "https://registry.npmjs.org/pareto-core-internals/-/pareto-core-internals-0.8.0.tgz",
      "integrity": "sha512-T6uyarcFcODa8bRF/zLoAjMwNSyaY+Xsmv/lI5OipQQ2hnujCUx7XVT8+uveOgZ4kzKctRwbnfKRcVEcRgKSfQ==",
      "dependencies": {
        "pareto-core-types": "^0.6.0"
      }
    },
    "node_modules/res-pareto-tostring/node_modules/pareto-core-types": {
      "version": "0.6.0",
      "resolved": "https://registry.npmjs.org/pareto-core-types/-/pareto-core-types-0.6.0.tgz",
      "integrity": "sha512-q9M6w+M6kgJBaroffQto9oRqsBKDpYI+JbJgO+7wVUx5QPew9kEsdevkNfjPPPWhq0grRg9Nj3t2gQy6wXyL2g=="
    }
  },
  "dependencies": {
    "api-pareto-async": {
      "version": "0.2.0",
      "resolved": "https://registry.npmjs.org/api-pareto-async/-/api-pareto-async-0.2.0.tgz",
      "integrity": "sha512-OL9EVH3DJdGovZS0KsfMS6kYKLwCGERWes9EwRORSKFfpl7qvCzkCgsBH9dIOl/bqUEfV34pSHkiTM7I9VWMoQ==",
      "requires": {
        "pareto-core-types": "^0.6.0"
      },
      "dependencies": {
        "pareto-core-types": {
          "version": "0.6.0",
          "resolved": "https://registry.npmjs.org/pareto-core-types/-/pareto-core-types-0.6.0.tgz",
          "integrity": "sha512-q9M6w+M6kgJBaroffQto9oRqsBKDpYI+JbJgO+7wVUx5QPew9kEsdevkNfjPPPWhq0grRg9Nj3t2gQy6wXyL2g=="
        }
      }
    },
    "api-pareto-collation": {
      "version": "0.12.0",
      "resolved": "https://registry.npmjs.org/api-pareto-collation/-/api-pareto-collation-0.12.0.tgz",
      "integrity": "sha512-xqMt4GzZFS+irgeAAxnNuOJyow6B3RwC2zDDr3IqpjZ7pVMIhACNgSQTGG7CfJSpLbOh1jYvI0hXzE4g47hD3A==",
      "requires": {
        "pareto-core-types": "^0.6.0"
      },
      "dependencies": {
        "pareto-core-types": {
          "version": "0.6.0",
          "resolved": "https://registry.npmjs.org/pareto-core-types/-/pareto-core-types-0.6.0.tgz",
          "integrity": "sha512-q9M6w+M6kgJBaroffQto9oRqsBKDpYI+JbJgO+7wVUx5QPew9kEsdevkNfjPPPWhq0grRg9Nj3t2gQy6wXyL2g=="
        }
      }
    },
    "api-pareto-tostring": {
      "version": "0.4.1",
      "resolved": "https://registry.npmjs.org/api-pareto-tostring/-/api-pareto-tostring-0.4.1.tgz",
      "integrity": "sha512-LAjN90Q0cS6LHfB29FnrMuu62fUqfW9ECq5qshSGYZV6kmJWPJskxiQUfoEbbx1iMifvCyaU7dGUZDZWtZxbAQ==",
      "requires": {
        "pareto-core-internals": "^0.8.0",
        "pareto-core-types": "^0.6.0"
      },
      "dependencies": {
        "pareto-core-internals": {
          "version": "0.8.0",
          "resolved": "https://registry.npmjs.org/pareto-core-internals/-/pareto-core-internals-0.8.0.tgz",
          "integrity": "sha512-T6uyarcFcODa8bRF/zLoAjMwNSyaY+Xsmv/lI5OipQQ2hnujCUx7XVT8+uveOgZ4kzKctRwbnfKRcVEcRgKSfQ==",
          "requires": {
            "pareto-core-types": "^0.6.0"
          }
        },
        "pareto-core-types": {
          "version": "0.6.0",
          "resolved": "https://registry.npmjs.org/pareto-core-types/-/pareto-core-types-0.6.0.tgz",
          "integrity": "sha512-q9M6w+M6kgJBaroffQto9oRqsBKDpYI+JbJgO+7wVUx5QPew9kEsdevkNfjPPPWhq0grRg9Nj3t2gQy6wXyL2g=="
        }
      }
    },
    "lib-pareto-exe": {
      "version": "0.5.0",
      "resolved": "https://registry.npmjs.org/lib-pareto-exe/-/lib-pareto-exe-0.5.0.tgz",
      "integrity": "sha512-1TlApNzB7nBvjqTtZqhW4WZ/wcRxd+f4o4ZoeE8dpZF4lhJk3CapsuaNjQE/J5Ch6c4AMfWXOElmoXreJS4njw==",
      "requires": {
        "pareto-core-lib": "^0.13.0",
        "pareto-core-state": "^0.10.0"
      },
      "dependencies": {
        "pareto-core-internals": {
          "version": "0.7.0",
          "resolved": "https://registry.npmjs.org/pareto-core-internals/-/pareto-core-internals-0.7.0.tgz",
          "integrity": "sha512-1Mh7f9yFLSsFZKb3Rs/E9qGucUF2n1FcWPRfcRi47qI+FwhDfka0JbadlJaNnoVGOsY1bPMGxesTwReszBf9pw==",
          "requires": {
            "pareto-core-types": "^0.6.0"
          }
        },
        "pareto-core-lib": {
          "version": "0.13.0",
          "resolved": "https://registry.npmjs.org/pareto-core-lib/-/pareto-core-lib-0.13.0.tgz",
          "integrity": "sha512-abwCBRCqX9zs/0ENJC0WJOWeRqT0MTe4zfj21xJZidMjcXT0ga/V6XYLF4m8OQgqqQfzPchI5rkyBJgzXQTxrg==",
          "requires": {
            "pareto-core-internals": "^0.7.0"
          }
        },
        "pareto-core-state": {
          "version": "0.10.0",
          "resolved": "https://registry.npmjs.org/pareto-core-state/-/pareto-core-state-0.10.0.tgz",
          "integrity": "sha512-3mqwo8fanO8pks7dzYbA2E2RSYA3bDBCaHHb/Dh48y5yOAtDTfWcsDi+emJDdMjaAel09o36dQ0v0Yu2D4/9KA==",
          "requires": {
            "pareto-core-internals": "^0.7.0"
          }
        },
        "pareto-core-types": {
          "version": "0.6.0",
          "resolved": "https://registry.npmjs.org/pareto-core-types/-/pareto-core-types-0.6.0.tgz",
          "integrity": "sha512-q9M6w+M6kgJBaroffQto9oRqsBKDpYI+JbJgO+7wVUx5QPew9kEsdevkNfjPPPWhq0grRg9Nj3t2gQy6wXyL2g=="
        }
      }
    },
    "lib-pareto-filesystem": {
      "version": "0.5.0",
      "resolved": "https://registry.npmjs.org/lib-pareto-filesystem/-/lib-pareto-filesystem-0.5.0.tgz",
      "integrity": "sha512-CnjzfN8YQ+ZzThfyAO9AQXuhsfYQvUMscIgmIb/zrcXeCOQiWlda0srJZqMoYfejNpy9eFJvCHR+0Q+Eg4wACw==",
      "requires": {
        "pareto-core-lib": "^0.13.0",
        "res-pareto-async": "^0.2.0",
        "res-pareto-filesystem": "^0.26.0",
        "res-pareto-tostring": "^0.4.0"
      },
      "dependencies": {
        "pareto-core-internals": {
          "version": "0.7.0",
          "resolved": "https://registry.npmjs.org/pareto-core-internals/-/pareto-core-internals-0.7.0.tgz",
          "integrity": "sha512-1Mh7f9yFLSsFZKb3Rs/E9qGucUF2n1FcWPRfcRi47qI+FwhDfka0JbadlJaNnoVGOsY1bPMGxesTwReszBf9pw==",
          "requires": {
            "pareto-core-types": "^0.6.0"
          }
        },
        "pareto-core-lib": {
          "version": "0.13.0",
          "resolved": "https://registry.npmjs.org/pareto-core-lib/-/pareto-core-lib-0.13.0.tgz",
          "integrity": "sha512-abwCBRCqX9zs/0ENJC0WJOWeRqT0MTe4zfj21xJZidMjcXT0ga/V6XYLF4m8OQgqqQfzPchI5rkyBJgzXQTxrg==",
          "requires": {
            "pareto-core-internals": "^0.7.0"
          }
        },
        "pareto-core-types": {
          "version": "0.6.0",
          "resolved": "https://registry.npmjs.org/pareto-core-types/-/pareto-core-types-0.6.0.tgz",
          "integrity": "sha512-q9M6w+M6kgJBaroffQto9oRqsBKDpYI+JbJgO+7wVUx5QPew9kEsdevkNfjPPPWhq0grRg9Nj3t2gQy6wXyL2g=="
        }
      }
    },
    "pareto-core-exe": {
      "version": "0.13.0",
      "resolved": "https://registry.npmjs.org/pareto-core-exe/-/pareto-core-exe-0.13.0.tgz",
      "integrity": "sha512-o9hgbsx8FFuqsgJJeOPldtx9usKTbtsURFOllRKN1MuWxieYH/jhyQ+Er/ZBOxC9pdW3k9wrM1NC11uXv83Cvg==",
      "requires": {
        "api-pareto-main": "^0.9.0",
        "pareto-core-internals": "^0.7.0",
        "pareto-core-types": "^0.6.0"
      },
      "dependencies": {
        "api-pareto-main": {
          "version": "0.9.0",
          "resolved": "https://registry.npmjs.org/api-pareto-main/-/api-pareto-main-0.9.0.tgz",
          "integrity": "sha512-DHzPRi4+ZPaimqMxcPXgW1Ic+oQs+bb++Vp+olN1uiZ+0iapNqmq3MI0FOCYqBD0fnhAXW6mGpW5NhiFl0N/gw==",
          "requires": {
            "pareto-core-types": "^0.6.0"
          }
        },
        "pareto-core-internals": {
          "version": "0.7.0",
          "resolved": "https://registry.npmjs.org/pareto-core-internals/-/pareto-core-internals-0.7.0.tgz",
          "integrity": "sha512-1Mh7f9yFLSsFZKb3Rs/E9qGucUF2n1FcWPRfcRi47qI+FwhDfka0JbadlJaNnoVGOsY1bPMGxesTwReszBf9pw==",
          "requires": {
            "pareto-core-types": "^0.6.0"
          }
        },
        "pareto-core-types": {
          "version": "0.6.0",
          "resolved": "https://registry.npmjs.org/pareto-core-types/-/pareto-core-types-0.6.0.tgz",
          "integrity": "sha512-q9M6w+M6kgJBaroffQto9oRqsBKDpYI+JbJgO+7wVUx5QPew9kEsdevkNfjPPPWhq0grRg9Nj3t2gQy6wXyL2g=="
        }
      }
    },
    "res-pareto-async": {
      "version": "0.2.0",
      "resolved": "https://registry.npmjs.org/res-pareto-async/-/res-pareto-async-0.2.0.tgz",
      "integrity": "sha512-DxuIHudNxjOBTW05rUNxoopP7zwOxFMvKBy56Poa8BUv5Yp9FiQIszM7LlwkfxwVXX1RXVPQpnZotltFgLhPng==",
      "requires": {
        "api-pareto-async": "^0.2.0",
        "pareto-core-internals": "^0.7.0"
      },
      "dependencies": {
        "pareto-core-internals": {
          "version": "0.7.0",
          "resolved": "https://registry.npmjs.org/pareto-core-internals/-/pareto-core-internals-0.7.0.tgz",
          "integrity": "sha512-1Mh7f9yFLSsFZKb3Rs/E9qGucUF2n1FcWPRfcRi47qI+FwhDfka0JbadlJaNnoVGOsY1bPMGxesTwReszBf9pw==",
          "requires": {
            "pareto-core-types": "^0.6.0"
          }
        },
        "pareto-core-types": {
          "version": "0.6.0",
          "resolved": "https://registry.npmjs.org/pareto-core-types/-/pareto-core-types-0.6.0.tgz",
          "integrity": "sha512-q9M6w+M6kgJBaroffQto9oRqsBKDpYI+JbJgO+7wVUx5QPew9kEsdevkNfjPPPWhq0grRg9Nj3t2gQy6wXyL2g=="
        }
      }
    },
    "res-pareto-collation": {
      "version": "0.8.0",
      "resolved": "https://registry.npmjs.org/res-pareto-collation/-/res-pareto-collation-0.8.0.tgz",
      "integrity": "sha512-fBdQOh/GxSzm4XDTnI7GI0rtJB2hkUj08ADOtpCL8ZUYU9gAWDGYsN8VUOViaPV3yWa/84YOp4S7qR+SF4CiJQ==",
      "requires": {
        "api-pareto-collation": "^0.12.0",
        "pareto-core-internals": "^0.8.0"
      },
      "dependencies": {
        "pareto-core-internals": {
          "version": "0.8.0",
          "resolved": "https://registry.npmjs.org/pareto-core-internals/-/pareto-core-internals-0.8.0.tgz",
          "integrity": "sha512-T6uyarcFcODa8bRF/zLoAjMwNSyaY+Xsmv/lI5OipQQ2hnujCUx7XVT8+uveOgZ4kzKctRwbnfKRcVEcRgKSfQ==",
          "requires": {
            "pareto-core-types": "^0.6.0"
          }
        },
        "pareto-core-types": {
          "version": "0.6.0",
          "resolved": "https://registry.npmjs.org/pareto-core-types/-/pareto-core-types-0.6.0.tgz",
          "integrity": "sha512-q9M6w+M6kgJBaroffQto9oRqsBKDpYI+JbJgO+7wVUx5QPew9kEsdevkNfjPPPWhq0grRg9Nj3t2gQy6wXyL2g=="
        }
      }
    },
    "res-pareto-filesystem": {
      "version": "0.26.0",
      "resolved": "https://registry.npmjs.org/res-pareto-filesystem/-/res-pareto-filesystem-0.26.0.tgz",
      "integrity": "sha512-v6nutVQtRfSR+X3PC02DpVZ5JzyvBMu3nZsoQHNoz7i/lMscMo5OM87W45q0bL6tcZ7hOPcy9QYcABXezxmCVA==",
      "requires": {
        "api-pareto-filesystem": "^0.11.0",
        "pareto-core-internals": "^0.8.0"
      },
      "dependencies": {
        "api-pareto-filesystem": {
          "version": "0.11.0",
          "resolved": "https://registry.npmjs.org/api-pareto-filesystem/-/api-pareto-filesystem-0.11.0.tgz",
          "integrity": "sha512-waYezacd+SoLIFhATFrMVsM15OtI3S9tJPLDcM8/m584vwddGtEkInS4xveSPFkvlJF5zhrBeBCM9jfZy1TVEw==",
          "requires": {
            "pareto-core-types": "^0.6.0"
          }
        },
        "pareto-core-internals": {
          "version": "0.8.0",
          "resolved": "https://registry.npmjs.org/pareto-core-internals/-/pareto-core-internals-0.8.0.tgz",
          "integrity": "sha512-T6uyarcFcODa8bRF/zLoAjMwNSyaY+Xsmv/lI5OipQQ2hnujCUx7XVT8+uveOgZ4kzKctRwbnfKRcVEcRgKSfQ==",
          "requires": {
            "pareto-core-types": "^0.6.0"
          }
        },
        "pareto-core-types": {
          "version": "0.6.0",
          "resolved": "https://registry.npmjs.org/pareto-core-types/-/pareto-core-types-0.6.0.tgz",
          "integrity": "sha512-q9M6w+M6kgJBaroffQto9oRqsBKDpYI+JbJgO+7wVUx5QPew9kEsdevkNfjPPPWhq0grRg9Nj3t2gQy6wXyL2g=="
        }
      }
    },
    "res-pareto-tostring": {
      "version": "0.4.0",
      "resolved": "https://registry.npmjs.org/res-pareto-tostring/-/res-pareto-tostring-0.4.0.tgz",
      "integrity": "sha512-soxL7aTOIGxskt7yEGYd7hbZZrKLoWiGgaBIJKCpmFjxvEF31n+zUrnIprmTxOa5u44vtoXUOpXgeiu/xoC0VA==",
      "requires": {
        "api-pareto-tostring": "^0.4.1",
        "pareto-core-internals": "^0.8.0",
        "pareto-core-types": "^0.6.0"
      },
      "dependencies": {
        "pareto-core-internals": {
          "version": "0.8.0",
          "resolved": "https://registry.npmjs.org/pareto-core-internals/-/pareto-core-internals-0.8.0.tgz",
          "integrity": "sha512-T6uyarcFcODa8bRF/zLoAjMwNSyaY+Xsmv/lI5OipQQ2hnujCUx7XVT8+uveOgZ4kzKctRwbnfKRcVEcRgKSfQ==",
          "requires": {
            "pareto-core-types": "^0.6.0"
          }
        },
        "pareto-core-types": {
          "version": "0.6.0",
          "resolved": "https://registry.npmjs.org/pareto-core-types/-/pareto-core-types-0.6.0.tgz",
          "integrity": "sha512-q9M6w+M6kgJBaroffQto9oRqsBKDpYI+JbJgO+7wVUx5QPew9kEsdevkNfjPPPWhq0grRg9Nj3t2gQy6wXyL2g=="
        }
      }
    }
  }
}
